// !$*UTF8*$!
{
	archiveVersion = 1;
	classes = {
	};
	objectVersion = 77;
	objects = {

/* Begin PBXBuildFile section */
		693FE5DA2E8EEC3100E61D77 /* SwiftSoup in Frameworks */ = {isa = PBXBuildFile; productRef = 693FE5D92E8EEC3100E61D77 /* SwiftSoup */; };
		697610692E8D201C009ED03E /* CombineMoya in Frameworks */ = {isa = PBXBuildFile; productRef = 697610682E8D201C009ED03E /* CombineMoya */; };
		6976106B2E8D201C009ED03E /* Moya in Frameworks */ = {isa = PBXBuildFile; productRef = 6976106A2E8D201C009ED03E /* Moya */; };
		6976106D2E8D201C009ED03E /* ReactiveMoya in Frameworks */ = {isa = PBXBuildFile; productRef = 6976106C2E8D201C009ED03E /* ReactiveMoya */; };
		6976106F2E8D201C009ED03E /* RxMoya in Frameworks */ = {isa = PBXBuildFile; productRef = 6976106E2E8D201C009ED03E /* RxMoya */; };
		697610D42E8D4EBC009ED03E /* .gitignore in Resources */ = {isa = PBXBuildFile; fileRef = 697610D32E8D4EBC009ED03E /* .gitignore */; };
		697611A52E8D58D8009ED03E /* .swift-format in Resources */ = {isa = PBXBuildFile; fileRef = 697611A42E8D58D8009ED03E /* .swift-format */; };
/* End PBXBuildFile section */

/* Begin PBXContainerItemProxy section */
		6976109A2E8D4E82009ED03E /* PBXContainerItemProxy */ = {
			isa = PBXContainerItemProxy;
			containerPortal = 697610842E8D4E80009ED03E /* Project object */;
			proxyType = 1;
			remoteGlobalIDString = 6976108B2E8D4E80009ED03E;
			remoteInfo = Christina;
		};
		697610A42E8D4E82009ED03E /* PBXContainerItemProxy */ = {
			isa = PBXContainerItemProxy;
			containerPortal = 697610842E8D4E80009ED03E /* Project object */;
			proxyType = 1;
			remoteGlobalIDString = 6976108B2E8D4E80009ED03E;
			remoteInfo = Christina;
		};
/* End PBXContainerItemProxy section */

/* Begin PBXFileReference section */
		6976108C2E8D4E80009ED03E /* Christina.app */ = {isa = PBXFileReference; explicitFileType = wrapper.application; includeInIndex = 0; path = Christina.app; sourceTree = BUILT_PRODUCTS_DIR; };
		697610992E8D4E82009ED03E /* ChristinaTests.xctest */ = {isa = PBXFileReference; explicitFileType = wrapper.cfbundle; includeInIndex = 0; path = ChristinaTests.xctest; sourceTree = BUILT_PRODUCTS_DIR; };
		697610A32E8D4E82009ED03E /* ChristinaUITests.xctest */ = {isa = PBXFileReference; explicitFileType = wrapper.cfbundle; includeInIndex = 0; path = ChristinaUITests.xctest; sourceTree = BUILT_PRODUCTS_DIR; };
		697610D32E8D4EBC009ED03E /* .gitignore */ = {isa = PBXFileReference; lastKnownFileType = text; path = .gitignore; sourceTree = "<group>"; };
		697611A42E8D58D8009ED03E /* .swift-format */ = {isa = PBXFileReference; lastKnownFileType = text; path = ".swift-format"; sourceTree = "<group>"; };
		697C23DE2E8EAE9C00E8646E /* ci.yml */ = {isa = PBXFileReference; lastKnownFileType = text.yaml; name = ci.yml; path = .github/workflows/ci.yml; sourceTree = "<group>"; };
/* End PBXFileReference section */

/* Begin PBXFileSystemSynchronizedRootGroup section */
		6976108E2E8D4E80009ED03E /* Christina */ = {
			isa = PBXFileSystemSynchronizedRootGroup;
			path = Christina;
			sourceTree = "<group>";
		};
		6976109C2E8D4E82009ED03E /* ChristinaTests */ = {
			isa = PBXFileSystemSynchronizedRootGroup;
			path = ChristinaTests;
			sourceTree = "<group>";
		};
		697610A62E8D4E82009ED03E /* ChristinaUITests */ = {
			isa = PBXFileSystemSynchronizedRootGroup;
			path = ChristinaUITests;
			sourceTree = "<group>";
		};
/* End PBXFileSystemSynchronizedRootGroup section */

/* Begin PBXFrameworksBuildPhase section */
		697610892E8D4E80009ED03E /* Frameworks */ = {
			isa = PBXFrameworksBuildPhase;
			buildActionMask = 2147483647;
			files = (
				6976106B2E8D201C009ED03E /* Moya in Frameworks */,
				697610692E8D201C009ED03E /* CombineMoya in Frameworks */,
				6976106F2E8D201C009ED03E /* RxMoya in Frameworks */,
				6976106D2E8D201C009ED03E /* ReactiveMoya in Frameworks */,
				693FE5DA2E8EEC3100E61D77 /* SwiftSoup in Frameworks */,
			);
			runOnlyForDeploymentPostprocessing = 0;
		};
		697610962E8D4E82009ED03E /* Frameworks */ = {
			isa = PBXFrameworksBuildPhase;
			buildActionMask = 2147483647;
			files = (
			);
			runOnlyForDeploymentPostprocessing = 0;
		};
		697610A02E8D4E82009ED03E /* Frameworks */ = {
			isa = PBXFrameworksBuildPhase;
			buildActionMask = 2147483647;
			files = (
			);
			runOnlyForDeploymentPostprocessing = 0;
		};
/* End PBXFrameworksBuildPhase section */

/* Begin PBXGroup section */
		697610832E8D4E80009ED03E = {
			isa = PBXGroup;
			children = (
				697C23DE2E8EAE9C00E8646E /* ci.yml */,
				6976108E2E8D4E80009ED03E /* Christina */,
				6976109C2E8D4E82009ED03E /* ChristinaTests */,
				697610A62E8D4E82009ED03E /* ChristinaUITests */,
				6976108D2E8D4E80009ED03E /* Products */,
				697610D32E8D4EBC009ED03E /* .gitignore */,
				697611A42E8D58D8009ED03E /* .swift-format */,
			);
			sourceTree = "<group>";
		};
		6976108D2E8D4E80009ED03E /* Products */ = {
			isa = PBXGroup;
			children = (
				6976108C2E8D4E80009ED03E /* Christina.app */,
				697610992E8D4E82009ED03E /* ChristinaTests.xctest */,
				697610A32E8D4E82009ED03E /* ChristinaUITests.xctest */,
			);
			name = Products;
			sourceTree = "<group>";
		};
/* End PBXGroup section */

/* Begin PBXNativeTarget section */
		6976108B2E8D4E80009ED03E /* Christina */ = {
			isa = PBXNativeTarget;
			buildConfigurationList = 697610AD2E8D4E82009ED03E /* Build configuration list for PBXNativeTarget "Christina" */;
			buildPhases = (
				697610882E8D4E80009ED03E /* Sources */,
				697610892E8D4E80009ED03E /* Frameworks */,
				6976108A2E8D4E80009ED03E /* Resources */,
			);
			buildRules = (
			);
			dependencies = (
			);
			fileSystemSynchronizedGroups = (
				6976108E2E8D4E80009ED03E /* Christina */,
			);
			name = Christina;
			packageProductDependencies = (
				697610682E8D201C009ED03E /* CombineMoya */,
				6976106A2E8D201C009ED03E /* Moya */,
				6976106C2E8D201C009ED03E /* ReactiveMoya */,
				6976106E2E8D201C009ED03E /* RxMoya */,
				693FE5D92E8EEC3100E61D77 /* SwiftSoup */,
			);
			productName = Christina;
			productReference = 6976108C2E8D4E80009ED03E /* Christina.app */;
			productType = "com.apple.product-type.application";
		};
		697610982E8D4E82009ED03E /* ChristinaTests */ = {
			isa = PBXNativeTarget;
			buildConfigurationList = 697610B02E8D4E82009ED03E /* Build configuration list for PBXNativeTarget "ChristinaTests" */;
			buildPhases = (
				697610952E8D4E82009ED03E /* Sources */,
				697610962E8D4E82009ED03E /* Frameworks */,
				697610972E8D4E82009ED03E /* Resources */,
			);
			buildRules = (
			);
			dependencies = (
				6976109B2E8D4E82009ED03E /* PBXTargetDependency */,
			);
			fileSystemSynchronizedGroups = (
				6976109C2E8D4E82009ED03E /* ChristinaTests */,
			);
			name = ChristinaTests;
			packageProductDependencies = (
			);
			productName = ChristinaTests;
			productReference = 697610992E8D4E82009ED03E /* ChristinaTests.xctest */;
			productType = "com.apple.product-type.bundle.unit-test";
		};
		697610A22E8D4E82009ED03E /* ChristinaUITests */ = {
			isa = PBXNativeTarget;
			buildConfigurationList = 697610B32E8D4E82009ED03E /* Build configuration list for PBXNativeTarget "ChristinaUITests" */;
			buildPhases = (
				6976109F2E8D4E82009ED03E /* Sources */,
				697610A02E8D4E82009ED03E /* Frameworks */,
				697610A12E8D4E82009ED03E /* Resources */,
			);
			buildRules = (
			);
			dependencies = (
				697610A52E8D4E82009ED03E /* PBXTargetDependency */,
			);
			fileSystemSynchronizedGroups = (
				697610A62E8D4E82009ED03E /* ChristinaUITests */,
			);
			name = ChristinaUITests;
			packageProductDependencies = (
			);
			productName = ChristinaUITests;
			productReference = 697610A32E8D4E82009ED03E /* ChristinaUITests.xctest */;
			productType = "com.apple.product-type.bundle.ui-testing";
		};
/* End PBXNativeTarget section */

/* Begin PBXProject section */
		697610842E8D4E80009ED03E /* Project object */ = {
			isa = PBXProject;
			attributes = {
				BuildIndependentTargetsInParallel = 1;
				LastSwiftUpdateCheck = 2600;
				LastUpgradeCheck = 2600;
				TargetAttributes = {
					6976108B2E8D4E80009ED03E = {
						CreatedOnToolsVersion = 26.0.1;
					};
					697610982E8D4E82009ED03E = {
						CreatedOnToolsVersion = 26.0.1;
						TestTargetID = 6976108B2E8D4E80009ED03E;
					};
					697610A22E8D4E82009ED03E = {
						CreatedOnToolsVersion = 26.0.1;
						TestTargetID = 6976108B2E8D4E80009ED03E;
					};
				};
			};
			buildConfigurationList = 697610872E8D4E80009ED03E /* Build configuration list for PBXProject "Christina" */;
			developmentRegion = en;
			hasScannedForEncodings = 0;
			knownRegions = (
				en,
				Base,
			);
			mainGroup = 697610832E8D4E80009ED03E;
			minimizedProjectReferenceProxies = 1;
			packageReferences = (
				6976105F2E8C01CE009ED03E /* XCRemoteSwiftPackageReference "Moya" */,
				693FE5D82E8EEC3100E61D77 /* XCRemoteSwiftPackageReference "SwiftSoup" */,
			);
			preferredProjectObjectVersion = 77;
			productRefGroup = 6976108D2E8D4E80009ED03E /* Products */;
			projectDirPath = "";
			projectRoot = "";
			targets = (
				6976108B2E8D4E80009ED03E /* Christina */,
				697610982E8D4E82009ED03E /* ChristinaTests */,
				697610A22E8D4E82009ED03E /* ChristinaUITests */,
			);
		};
/* End PBXProject section */

/* Begin PBXResourcesBuildPhase section */
		6976108A2E8D4E80009ED03E /* Resources */ = {
			isa = PBXResourcesBuildPhase;
			buildActionMask = 2147483647;
			files = (
				697611A52E8D58D8009ED03E /* .swift-format in Resources */,
				697610D42E8D4EBC009ED03E /* .gitignore in Resources */,
			);
			runOnlyForDeploymentPostprocessing = 0;
		};
		697610972E8D4E82009ED03E /* Resources */ = {
			isa = PBXResourcesBuildPhase;
			buildActionMask = 2147483647;
			files = (
			);
			runOnlyForDeploymentPostprocessing = 0;
		};
		697610A12E8D4E82009ED03E /* Resources */ = {
			isa = PBXResourcesBuildPhase;
			buildActionMask = 2147483647;
			files = (
			);
			runOnlyForDeploymentPostprocessing = 0;
		};
/* End PBXResourcesBuildPhase section */

/* Begin PBXSourcesBuildPhase section */
		697610882E8D4E80009ED03E /* Sources */ = {
			isa = PBXSourcesBuildPhase;
			buildActionMask = 2147483647;
			files = (
			);
			runOnlyForDeploymentPostprocessing = 0;
		};
		697610952E8D4E82009ED03E /* Sources */ = {
			isa = PBXSourcesBuildPhase;
			buildActionMask = 2147483647;
			files = (
			);
			runOnlyForDeploymentPostprocessing = 0;
		};
		6976109F2E8D4E82009ED03E /* Sources */ = {
			isa = PBXSourcesBuildPhase;
			buildActionMask = 2147483647;
			files = (
			);
			runOnlyForDeploymentPostprocessing = 0;
		};
/* End PBXSourcesBuildPhase section */

/* Begin PBXTargetDependency section */
		6976109B2E8D4E82009ED03E /* PBXTargetDependency */ = {
			isa = PBXTargetDependency;
			target = 6976108B2E8D4E80009ED03E /* Christina */;
			targetProxy = 6976109A2E8D4E82009ED03E /* PBXContainerItemProxy */;
		};
		697610A52E8D4E82009ED03E /* PBXTargetDependency */ = {
			isa = PBXTargetDependency;
			target = 6976108B2E8D4E80009ED03E /* Christina */;
			targetProxy = 697610A42E8D4E82009ED03E /* PBXContainerItemProxy */;
		};
/* End PBXTargetDependency section */

/* Begin XCBuildConfiguration section */
		697610AB2E8D4E82009ED03E /* Debug */ = {
			isa = XCBuildConfiguration;
			buildSettings = {
				ALWAYS_SEARCH_USER_PATHS = NO;
				ASSETCATALOG_COMPILER_GENERATE_SWIFT_ASSET_SYMBOL_EXTENSIONS = YES;
				CLANG_ANALYZER_NONNULL = YES;
				CLANG_ANALYZER_NUMBER_OBJECT_CONVERSION = YES_AGGRESSIVE;
				CLANG_CXX_LANGUAGE_STANDARD = "gnu++20";
				CLANG_ENABLE_MODULES = YES;
				CLANG_ENABLE_OBJC_ARC = YES;
				CLANG_ENABLE_OBJC_WEAK = YES;
				CLANG_WARN_BLOCK_CAPTURE_AUTORELEASING = YES;
				CLANG_WARN_BOOL_CONVERSION = YES;
				CLANG_WARN_COMMA = YES;
				CLANG_WARN_CONSTANT_CONVERSION = YES;
				CLANG_WARN_DEPRECATED_OBJC_IMPLEMENTATIONS = YES;
				CLANG_WARN_DIRECT_OBJC_ISA_USAGE = YES_ERROR;
				CLANG_WARN_DOCUMENTATION_COMMENTS = YES;
				CLANG_WARN_EMPTY_BODY = YES;
				CLANG_WARN_ENUM_CONVERSION = YES;
				CLANG_WARN_INFINITE_RECURSION = YES;
				CLANG_WARN_INT_CONVERSION = YES;
				CLANG_WARN_NON_LITERAL_NULL_CONVERSION = YES;
				CLANG_WARN_OBJC_IMPLICIT_RETAIN_SELF = YES;
				CLANG_WARN_OBJC_LITERAL_CONVERSION = YES;
				CLANG_WARN_OBJC_ROOT_CLASS = YES_ERROR;
				CLANG_WARN_QUOTED_INCLUDE_IN_FRAMEWORK_HEADER = YES;
				CLANG_WARN_RANGE_LOOP_ANALYSIS = YES;
				CLANG_WARN_STRICT_PROTOTYPES = YES;
				CLANG_WARN_SUSPICIOUS_MOVE = YES;
				CLANG_WARN_UNGUARDED_AVAILABILITY = YES_AGGRESSIVE;
				CLANG_WARN_UNREACHABLE_CODE = YES;
				CLANG_WARN__DUPLICATE_METHOD_MATCH = YES;
				COPY_PHASE_STRIP = NO;
				DEBUG_INFORMATION_FORMAT = dwarf;
				DEVELOPMENT_TEAM = XZG2385LM8;
				ENABLE_STRICT_OBJC_MSGSEND = YES;
				ENABLE_TESTABILITY = YES;
				ENABLE_USER_SCRIPT_SANDBOXING = YES;
				GCC_C_LANGUAGE_STANDARD = gnu17;
				GCC_DYNAMIC_NO_PIC = NO;
				GCC_NO_COMMON_BLOCKS = YES;
				GCC_OPTIMIZATION_LEVEL = 0;
				GCC_PREPROCESSOR_DEFINITIONS = (
					"DEBUG=1",
					"$(inherited)",
				);
				GCC_WARN_64_TO_32_BIT_CONVERSION = YES;
				GCC_WARN_ABOUT_RETURN_TYPE = YES_ERROR;
				GCC_WARN_UNDECLARED_SELECTOR = YES;
				GCC_WARN_UNINITIALIZED_AUTOS = YES_AGGRESSIVE;
				GCC_WARN_UNUSED_FUNCTION = YES;
				GCC_WARN_UNUSED_VARIABLE = YES;
				IPHONEOS_DEPLOYMENT_TARGET = 26.0;
				LOCALIZATION_PREFERS_STRING_CATALOGS = YES;
				MTL_ENABLE_DEBUG_INFO = INCLUDE_SOURCE;
				MTL_FAST_MATH = YES;
				ONLY_ACTIVE_ARCH = YES;
				SDKROOT = iphoneos;
				SWIFT_ACTIVE_COMPILATION_CONDITIONS = "DEBUG $(inherited)";
				SWIFT_OPTIMIZATION_LEVEL = "-Onone";
			};
			name = Debug;
		};
		697610AC2E8D4E82009ED03E /* Release */ = {
			isa = XCBuildConfiguration;
			buildSettings = {
				ALWAYS_SEARCH_USER_PATHS = NO;
				ASSETCATALOG_COMPILER_GENERATE_SWIFT_ASSET_SYMBOL_EXTENSIONS = YES;
				CLANG_ANALYZER_NONNULL = YES;
				CLANG_ANALYZER_NUMBER_OBJECT_CONVERSION = YES_AGGRESSIVE;
				CLANG_CXX_LANGUAGE_STANDARD = "gnu++20";
				CLANG_ENABLE_MODULES = YES;
				CLANG_ENABLE_OBJC_ARC = YES;
				CLANG_ENABLE_OBJC_WEAK = YES;
				CLANG_WARN_BLOCK_CAPTURE_AUTORELEASING = YES;
				CLANG_WARN_BOOL_CONVERSION = YES;
				CLANG_WARN_COMMA = YES;
				CLANG_WARN_CONSTANT_CONVERSION = YES;
				CLANG_WARN_DEPRECATED_OBJC_IMPLEMENTATIONS = YES;
				CLANG_WARN_DIRECT_OBJC_ISA_USAGE = YES_ERROR;
				CLANG_WARN_DOCUMENTATION_COMMENTS = YES;
				CLANG_WARN_EMPTY_BODY = YES;
				CLANG_WARN_ENUM_CONVERSION = YES;
				CLANG_WARN_INFINITE_RECURSION = YES;
				CLANG_WARN_INT_CONVERSION = YES;
				CLANG_WARN_NON_LITERAL_NULL_CONVERSION = YES;
				CLANG_WARN_OBJC_IMPLICIT_RETAIN_SELF = YES;
				CLANG_WARN_OBJC_LITERAL_CONVERSION = YES;
				CLANG_WARN_OBJC_ROOT_CLASS = YES_ERROR;
				CLANG_WARN_QUOTED_INCLUDE_IN_FRAMEWORK_HEADER = YES;
				CLANG_WARN_RANGE_LOOP_ANALYSIS = YES;
				CLANG_WARN_STRICT_PROTOTYPES = YES;
				CLANG_WARN_SUSPICIOUS_MOVE = YES;
				CLANG_WARN_UNGUARDED_AVAILABILITY = YES_AGGRESSIVE;
				CLANG_WARN_UNREACHABLE_CODE = YES;
				CLANG_WARN__DUPLICATE_METHOD_MATCH = YES;
				COPY_PHASE_STRIP = NO;
				DEBUG_INFORMATION_FORMAT = "dwarf-with-dsym";
				DEVELOPMENT_TEAM = XZG2385LM8;
				ENABLE_NS_ASSERTIONS = NO;
				ENABLE_STRICT_OBJC_MSGSEND = YES;
				ENABLE_USER_SCRIPT_SANDBOXING = YES;
				GCC_C_LANGUAGE_STANDARD = gnu17;
				GCC_NO_COMMON_BLOCKS = YES;
				GCC_WARN_64_TO_32_BIT_CONVERSION = YES;
				GCC_WARN_ABOUT_RETURN_TYPE = YES_ERROR;
				GCC_WARN_UNDECLARED_SELECTOR = YES;
				GCC_WARN_UNINITIALIZED_AUTOS = YES_AGGRESSIVE;
				GCC_WARN_UNUSED_FUNCTION = YES;
				GCC_WARN_UNUSED_VARIABLE = YES;
				IPHONEOS_DEPLOYMENT_TARGET = 26.0;
				LOCALIZATION_PREFERS_STRING_CATALOGS = YES;
				MTL_ENABLE_DEBUG_INFO = NO;
				MTL_FAST_MATH = YES;
				SDKROOT = iphoneos;
				SWIFT_COMPILATION_MODE = wholemodule;
				VALIDATE_PRODUCT = YES;
			};
			name = Release;
		};
		697610AE2E8D4E82009ED03E /* Debug */ = {
			isa = XCBuildConfiguration;
			buildSettings = {
				ASSETCATALOG_COMPILER_APPICON_NAME = AppIcon;
				ASSETCATALOG_COMPILER_GLOBAL_ACCENT_COLOR_NAME = AccentColor;
				CODE_SIGN_STYLE = Automatic;
				CURRENT_PROJECT_VERSION = 1;
				DEVELOPMENT_TEAM = XZG2385LM8;
				ENABLE_PREVIEWS = YES;
				GENERATE_INFOPLIST_FILE = YES;
				INFOPLIST_KEY_UIApplicationSceneManifest_Generation = YES;
				INFOPLIST_KEY_UIApplicationSupportsIndirectInputEvents = YES;
				INFOPLIST_KEY_UILaunchScreen_Generation = YES;
				INFOPLIST_KEY_UISupportedInterfaceOrientations_iPad = "UIInterfaceOrientationPortrait UIInterfaceOrientationPortraitUpsideDown UIInterfaceOrientationLandscapeLeft UIInterfaceOrientationLandscapeRight";
				INFOPLIST_KEY_UISupportedInterfaceOrientations_iPhone = "UIInterfaceOrientationPortrait UIInterfaceOrientationLandscapeLeft UIInterfaceOrientationLandscapeRight";
				LD_RUNPATH_SEARCH_PATHS = (
					"$(inherited)",
					"@executable_path/Frameworks",
				);
				MARKETING_VERSION = 1.0;
				PRODUCT_BUNDLE_IDENTIFIER = com.sh0n0.Christina;
				PRODUCT_NAME = "$(TARGET_NAME)";
				STRING_CATALOG_GENERATE_SYMBOLS = YES;
				SWIFT_APPROACHABLE_CONCURRENCY = YES;
				SWIFT_DEFAULT_ACTOR_ISOLATION = MainActor;
				SWIFT_EMIT_LOC_STRINGS = YES;
				SWIFT_UPCOMING_FEATURE_MEMBER_IMPORT_VISIBILITY = YES;
				SWIFT_VERSION = 5.0;
				TARGETED_DEVICE_FAMILY = "1,2";
			};
			name = Debug;
		};
		697610AF2E8D4E82009ED03E /* Release */ = {
			isa = XCBuildConfiguration;
			buildSettings = {
				ASSETCATALOG_COMPILER_APPICON_NAME = AppIcon;
				ASSETCATALOG_COMPILER_GLOBAL_ACCENT_COLOR_NAME = AccentColor;
				CODE_SIGN_STYLE = Automatic;
				CURRENT_PROJECT_VERSION = 1;
				DEVELOPMENT_TEAM = XZG2385LM8;
				ENABLE_PREVIEWS = YES;
				GENERATE_INFOPLIST_FILE = YES;
				INFOPLIST_KEY_UIApplicationSceneManifest_Generation = YES;
				INFOPLIST_KEY_UIApplicationSupportsIndirectInputEvents = YES;
				INFOPLIST_KEY_UILaunchScreen_Generation = YES;
				INFOPLIST_KEY_UISupportedInterfaceOrientations_iPad = "UIInterfaceOrientationPortrait UIInterfaceOrientationPortraitUpsideDown UIInterfaceOrientationLandscapeLeft UIInterfaceOrientationLandscapeRight";
				INFOPLIST_KEY_UISupportedInterfaceOrientations_iPhone = "UIInterfaceOrientationPortrait UIInterfaceOrientationLandscapeLeft UIInterfaceOrientationLandscapeRight";
				LD_RUNPATH_SEARCH_PATHS = (
					"$(inherited)",
					"@executable_path/Frameworks",
				);
				MARKETING_VERSION = 1.0;
				PRODUCT_BUNDLE_IDENTIFIER = com.sh0n0.Christina;
				PRODUCT_NAME = "$(TARGET_NAME)";
				STRING_CATALOG_GENERATE_SYMBOLS = YES;
				SWIFT_APPROACHABLE_CONCURRENCY = YES;
				SWIFT_DEFAULT_ACTOR_ISOLATION = MainActor;
				SWIFT_EMIT_LOC_STRINGS = YES;
				SWIFT_UPCOMING_FEATURE_MEMBER_IMPORT_VISIBILITY = YES;
				SWIFT_VERSION = 5.0;
				TARGETED_DEVICE_FAMILY = "1,2";
			};
			name = Release;
		};
		697610B12E8D4E82009ED03E /* Debug */ = {
			isa = XCBuildConfiguration;
			buildSettings = {
				BUNDLE_LOADER = "$(TEST_HOST)";
				CODE_SIGN_STYLE = Automatic;
				CURRENT_PROJECT_VERSION = 1;
				DEVELOPMENT_TEAM = XZG2385LM8;
				GENERATE_INFOPLIST_FILE = YES;
				IPHONEOS_DEPLOYMENT_TARGET = 26.0;
				MARKETING_VERSION = 1.0;
				PRODUCT_BUNDLE_IDENTIFIER = com.sh0n0.ChristinaTests;
				PRODUCT_NAME = "$(TARGET_NAME)";
				STRING_CATALOG_GENERATE_SYMBOLS = NO;
				SWIFT_APPROACHABLE_CONCURRENCY = YES;
				SWIFT_EMIT_LOC_STRINGS = NO;
				SWIFT_UPCOMING_FEATURE_MEMBER_IMPORT_VISIBILITY = YES;
				SWIFT_VERSION = 5.0;
				TARGETED_DEVICE_FAMILY = "1,2";
				TEST_HOST = "$(BUILT_PRODUCTS_DIR)/Christina.app/$(BUNDLE_EXECUTABLE_FOLDER_PATH)/Christina";
			};
			name = Debug;
		};
		697610B22E8D4E82009ED03E /* Release */ = {
			isa = XCBuildConfiguration;
			buildSettings = {
				BUNDLE_LOADER = "$(TEST_HOST)";
				CODE_SIGN_STYLE = Automatic;
				CURRENT_PROJECT_VERSION = 1;
				DEVELOPMENT_TEAM = XZG2385LM8;
				GENERATE_INFOPLIST_FILE = YES;
				IPHONEOS_DEPLOYMENT_TARGET = 26.0;
				MARKETING_VERSION = 1.0;
				PRODUCT_BUNDLE_IDENTIFIER = com.sh0n0.ChristinaTests;
				PRODUCT_NAME = "$(TARGET_NAME)";
				STRING_CATALOG_GENERATE_SYMBOLS = NO;
				SWIFT_APPROACHABLE_CONCURRENCY = YES;
				SWIFT_EMIT_LOC_STRINGS = NO;
				SWIFT_UPCOMING_FEATURE_MEMBER_IMPORT_VISIBILITY = YES;
				SWIFT_VERSION = 5.0;
				TARGETED_DEVICE_FAMILY = "1,2";
				TEST_HOST = "$(BUILT_PRODUCTS_DIR)/Christina.app/$(BUNDLE_EXECUTABLE_FOLDER_PATH)/Christina";
			};
			name = Release;
		};
		697610B42E8D4E82009ED03E /* Debug */ = {
			isa = XCBuildConfiguration;
			buildSettings = {
				CODE_SIGN_STYLE = Automatic;
				CURRENT_PROJECT_VERSION = 1;
				DEVELOPMENT_TEAM = XZG2385LM8;
				GENERATE_INFOPLIST_FILE = YES;
				MARKETING_VERSION = 1.0;
				PRODUCT_BUNDLE_IDENTIFIER = com.sh0n0.ChristinaUITests;
				PRODUCT_NAME = "$(TARGET_NAME)";
				STRING_CATALOG_GENERATE_SYMBOLS = NO;
				SWIFT_APPROACHABLE_CONCURRENCY = YES;
				SWIFT_EMIT_LOC_STRINGS = NO;
				SWIFT_UPCOMING_FEATURE_MEMBER_IMPORT_VISIBILITY = YES;
				SWIFT_VERSION = 5.0;
				TARGETED_DEVICE_FAMILY = "1,2";
				TEST_TARGET_NAME = Christina;
			};
			name = Debug;
		};
		697610B52E8D4E82009ED03E /* Release */ = {
			isa = XCBuildConfiguration;
			buildSettings = {
				CODE_SIGN_STYLE = Automatic;
				CURRENT_PROJECT_VERSION = 1;
				DEVELOPMENT_TEAM = XZG2385LM8;
				GENERATE_INFOPLIST_FILE = YES;
				MARKETING_VERSION = 1.0;
				PRODUCT_BUNDLE_IDENTIFIER = com.sh0n0.ChristinaUITests;
				PRODUCT_NAME = "$(TARGET_NAME)";
				STRING_CATALOG_GENERATE_SYMBOLS = NO;
				SWIFT_APPROACHABLE_CONCURRENCY = YES;
				SWIFT_EMIT_LOC_STRINGS = NO;
				SWIFT_UPCOMING_FEATURE_MEMBER_IMPORT_VISIBILITY = YES;
				SWIFT_VERSION = 5.0;
				TARGETED_DEVICE_FAMILY = "1,2";
				TEST_TARGET_NAME = Christina;
			};
			name = Release;
		};
/* End XCBuildConfiguration section */

/* Begin XCConfigurationList section */
		697610872E8D4E80009ED03E /* Build configuration list for PBXProject "Christina" */ = {
			isa = XCConfigurationList;
			buildConfigurations = (
				697610AB2E8D4E82009ED03E /* Debug */,
				697610AC2E8D4E82009ED03E /* Release */,
			);
			defaultConfigurationIsVisible = 0;
			defaultConfigurationName = Release;
		};
		697610AD2E8D4E82009ED03E /* Build configuration list for PBXNativeTarget "Christina" */ = {
			isa = XCConfigurationList;
			buildConfigurations = (
				697610AE2E8D4E82009ED03E /* Debug */,
				697610AF2E8D4E82009ED03E /* Release */,
			);
			defaultConfigurationIsVisible = 0;
			defaultConfigurationName = Release;
		};
		697610B02E8D4E82009ED03E /* Build configuration list for PBXNativeTarget "ChristinaTests" */ = {
			isa = XCConfigurationList;
			buildConfigurations = (
				697610B12E8D4E82009ED03E /* Debug */,
				697610B22E8D4E82009ED03E /* Release */,
			);
			defaultConfigurationIsVisible = 0;
			defaultConfigurationName = Release;
		};
		697610B32E8D4E82009ED03E /* Build configuration list for PBXNativeTarget "ChristinaUITests" */ = {
			isa = XCConfigurationList;
			buildConfigurations = (
				697610B42E8D4E82009ED03E /* Debug */,
				697610B52E8D4E82009ED03E /* Release */,
			);
			defaultConfigurationIsVisible = 0;
			defaultConfigurationName = Release;
		};
/* End XCConfigurationList section */

/* Begin XCRemoteSwiftPackageReference section */
		693FE5D82E8EEC3100E61D77 /* XCRemoteSwiftPackageReference "SwiftSoup" */ = {
			isa = XCRemoteSwiftPackageReference;
			repositoryURL = "https://github.com/scinfu/SwiftSoup";
			requirement = {
				kind = upToNextMajorVersion;
				minimumVersion = 2.11.1;
			};
		};
		6976105F2E8C01CE009ED03E /* XCRemoteSwiftPackageReference "Moya" */ = {
			isa = XCRemoteSwiftPackageReference;
			repositoryURL = "https://github.com/Moya/Moya.git";
			requirement = {
				kind = upToNextMajorVersion;
				minimumVersion = 15.0.3;
			};
		};
/* End XCRemoteSwiftPackageReference section */

/* Begin XCSwiftPackageProductDependency section */
		693FE5D92E8EEC3100E61D77 /* SwiftSoup */ = {
			isa = XCSwiftPackageProductDependency;
			package = 693FE5D82E8EEC3100E61D77 /* XCRemoteSwiftPackageReference "SwiftSoup" */;
			productName = SwiftSoup;
		};
		697610682E8D201C009ED03E /* CombineMoya */ = {
			isa = XCSwiftPackageProductDependency;
			package = 6976105F2E8C01CE009ED03E /* XCRemoteSwiftPackageReference "Moya" */;
			productName = CombineMoya;
		};
		6976106A2E8D201C009ED03E /* Moya */ = {
			isa = XCSwiftPackageProductDependency;
			package = 6976105F2E8C01CE009ED03E /* XCRemoteSwiftPackageReference "Moya" */;
			productName = Moya;
		};
		6976106C2E8D201C009ED03E /* ReactiveMoya */ = {
			isa = XCSwiftPackageProductDependency;
			package = 6976105F2E8C01CE009ED03E /* XCRemoteSwiftPackageReference "Moya" */;
			productName = ReactiveMoya;
		};
		6976106E2E8D201C009ED03E /* RxMoya */ = {
			isa = XCSwiftPackageProductDependency;
			package = 6976105F2E8C01CE009ED03E /* XCRemoteSwiftPackageReference "Moya" */;
			productName = RxMoya;
		};
/* End XCSwiftPackageProductDependency section */
	};
	rootObject = 697610842E8D4E80009ED03E /* Project object */;
}
